{
    "_meta": {
        "hash": {
            "sha256": "9bc8d30afd0cbbc0ed859b540d33e14527e1ccbf5279813d9310dd7e14785548"
        },
        "pipfile-spec": 6,
        "requires": {
            "python_version": "3.11"
        },
        "sources": [
            {
                "name": "pypi",
                "url": "https://pypi.org/simple",
                "verify_ssl": true
            }
        ]
    },
    "default": {
        "stdiomask": {
            "hashes": [
                "sha256:c1e47069ead9e10bda150a26f7922ca01d2adc503042a9d7acf64877a2b9a3a6"
            ],
            "index": "pypi",
            "version": "==0.0.6"
        }
    },
    "develop": {}
}
